
Microsoft Visual Studio Solution File, Format Version 12.00
# Visual Studio Version 17
VisualStudioVersion = 17.14.36202.13
MinimumVisualStudioVersion = 10.0.40219.1
Project("{FAE04EC0-301F-11D3-BF4B-00C04F79EFBC}") = "NLBE-Bot", "NLBE-Bot\NLBE-Bot.csproj", "{0403FB1E-D9FA-818D-F61F-E7764C974118}"
EndProject
Project("{FAE04EC0-301F-11D3-BF4B-00C04F79EFBC}") = "NLBE-Bot.Tests", "NLBE-Bot.Tests\NLBE-Bot.Tests.csproj", "{E5B22692-99DA-432E-800A-3A01CBA42630}"
EndProject
Project("{FAE04EC0-301F-11D3-BF4B-00C04F79EFBC}") = "WorldOfTanksBlitzApi", "WorldOfTanksBlitzApi\WorldOfTanksBlitzApi.csproj", "{F2F30C37-C63A-444A-8BB7-52AF93F60A64}"
EndProject
Project("{FAE04EC0-301F-11D3-BF4B-00C04F79EFBC}") = "JsonObjectConverter", "JsonObjectConverter\JsonObjectConverter.csproj", "{89385A6A-D25F-4721-92D2-8E995EDABCC3}"
EndProject
Project("{FAE04EC0-301F-11D3-BF4B-00C04F79EFBC}") = "DiscordHelper", "DiscordHelper\DiscordHelper.csproj", "{7E610050-A449-4D46-800E-1B1AF4B0D12D}"
EndProject
Project("{FAE04EC0-301F-11D3-BF4B-00C04F79EFBC}") = "WorldOfTanksBlitzApi.Tests", "WorldOfTanksBlitzApi.Tests\WorldOfTanksBlitzApi.Tests.csproj", "{95F8F033-C77E-461C-8C75-8DF9690E8FE6}"
EndProject
Global
	GlobalSection(SolutionConfigurationPlatforms) = preSolution
		Debug|Any CPU = Debug|Any CPU
		Release|Any CPU = Release|Any CPU
	EndGlobalSection
	GlobalSection(ProjectConfigurationPlatforms) = postSolution
		{0403FB1E-D9FA-818D-F61F-E7764C974118}.Debug|Any CPU.ActiveCfg = Debug|Any CPU
		{0403FB1E-D9FA-818D-F61F-E7764C974118}.Debug|Any CPU.Build.0 = Debug|Any CPU
		{0403FB1E-D9FA-818D-F61F-E7764C974118}.Release|Any CPU.ActiveCfg = Release|Any CPU
		{0403FB1E-D9FA-818D-F61F-E7764C974118}.Release|Any CPU.Build.0 = Release|Any CPU
		{E5B22692-99DA-432E-800A-3A01CBA42630}.Debug|Any CPU.ActiveCfg = Debug|Any CPU
		{E5B22692-99DA-432E-800A-3A01CBA42630}.Debug|Any CPU.Build.0 = Debug|Any CPU
		{E5B22692-99DA-432E-800A-3A01CBA42630}.Release|Any CPU.ActiveCfg = Release|Any CPU
		{E5B22692-99DA-432E-800A-3A01CBA42630}.Release|Any CPU.Build.0 = Release|Any CPU
		{F2F30C37-C63A-444A-8BB7-52AF93F60A64}.Debug|Any CPU.ActiveCfg = Debug|Any CPU
		{F2F30C37-C63A-444A-8BB7-52AF93F60A64}.Debug|Any CPU.Build.0 = Debug|Any CPU
		{F2F30C37-C63A-444A-8BB7-52AF93F60A64}.Release|Any CPU.ActiveCfg = Release|Any CPU
		{F2F30C37-C63A-444A-8BB7-52AF93F60A64}.Release|Any CPU.Build.0 = Release|Any CPU
		{89385A6A-D25F-4721-92D2-8E995EDABCC3}.Debug|Any CPU.ActiveCfg = Debug|Any CPU
		{89385A6A-D25F-4721-92D2-8E995EDABCC3}.Debug|Any CPU.Build.0 = Debug|Any CPU
		{89385A6A-D25F-4721-92D2-8E995EDABCC3}.Release|Any CPU.ActiveCfg = Release|Any CPU
		{89385A6A-D25F-4721-92D2-8E995EDABCC3}.Release|Any CPU.Build.0 = Release|Any CPU
		{7E610050-A449-4D46-800E-1B1AF4B0D12D}.Debug|Any CPU.ActiveCfg = Debug|Any CPU
		{7E610050-A449-4D46-800E-1B1AF4B0D12D}.Debug|Any CPU.Build.0 = Debug|Any CPU
		{7E610050-A449-4D46-800E-1B1AF4B0D12D}.Release|Any CPU.ActiveCfg = Release|Any CPU
		{7E610050-A449-4D46-800E-1B1AF4B0D12D}.Release|Any CPU.Build.0 = Release|Any CPU
		{95F8F033-C77E-461C-8C75-8DF9690E8FE6}.Debug|Any CPU.ActiveCfg = Debug|Any CPU
		{95F8F033-C77E-461C-8C75-8DF9690E8FE6}.Debug|Any CPU.Build.0 = Debug|Any CPU
		{95F8F033-C77E-461C-8C75-8DF9690E8FE6}.Release|Any CPU.ActiveCfg = Release|Any CPU
		{95F8F033-C77E-461C-8C75-8DF9690E8FE6}.Release|Any CPU.Build.0 = Release|Any CPU
	EndGlobalSection
	GlobalSection(SolutionProperties) = preSolution
		HideSolutionNode = FALSE
	EndGlobalSection
	GlobalSection(ExtensibilityGlobals) = postSolution
		SolutionGuid = {D8760EDB-71A8-427D-BCB4-03417E86EE8A}
	EndGlobalSection
EndGlobal
